
Microsoft Visual Studio Solution File, Format Version 12.00
# Visual Studio Version 16
VisualStudioVersion = 16.0.29911.84
MinimumVisualStudioVersion = 10.0.40219.1
Project("{9A19103F-16F7-4668-BE54-9A1E7A4F7556}") = "SchoolRegister.Web", "SchoolRegister.Web\SchoolRegister.Web.csproj", "{AE53E449-D9A3-4014-94AD-67E16CE5AE12}"
EndProject
Project("{9A19103F-16F7-4668-BE54-9A1E7A4F7556}") = "SchoolRegister.DAL", "SchoolRegister.DAL\SchoolRegister.DAL.csproj", "{9683DA51-21F2-4B55-8C99-153140ECD7C4}"
EndProject
Project("{9A19103F-16F7-4668-BE54-9A1E7A4F7556}") = "SchoolRegister.Services", "SchoolRegister.Services\SchoolRegister.Services.csproj", "{97074533-E3A5-4539-8BD3-94692E3A040A}"
EndProject
Project("{9A19103F-16F7-4668-BE54-9A1E7A4F7556}") = "SchoolRegister.ViewModels", "SchoolRegister.ViewModels\SchoolRegister.ViewModels.csproj", "{B036717B-C903-4078-912C-91AF80052EDB}"
EndProject
Project("{9A19103F-16F7-4668-BE54-9A1E7A4F7556}") = "SchoolRegister.BAL", "SchoolRegister.BAL\SchoolRegister.BAL.csproj", "{58AE9A45-0E06-45ED-B5B2-4252E80E003C}"
EndProject
Global
	GlobalSection(SolutionConfigurationPlatforms) = preSolution
		Debug|Any CPU = Debug|Any CPU
		Release|Any CPU = Release|Any CPU
	EndGlobalSection
	GlobalSection(ProjectConfigurationPlatforms) = postSolution
		{AE53E449-D9A3-4014-94AD-67E16CE5AE12}.Debug|Any CPU.ActiveCfg = Debug|Any CPU
		{AE53E449-D9A3-4014-94AD-67E16CE5AE12}.Debug|Any CPU.Build.0 = Debug|Any CPU
		{AE53E449-D9A3-4014-94AD-67E16CE5AE12}.Release|Any CPU.ActiveCfg = Release|Any CPU
		{AE53E449-D9A3-4014-94AD-67E16CE5AE12}.Release|Any CPU.Build.0 = Release|Any CPU
		{9683DA51-21F2-4B55-8C99-153140ECD7C4}.Debug|Any CPU.ActiveCfg = Debug|Any CPU
		{9683DA51-21F2-4B55-8C99-153140ECD7C4}.Debug|Any CPU.Build.0 = Debug|Any CPU
		{9683DA51-21F2-4B55-8C99-153140ECD7C4}.Release|Any CPU.ActiveCfg = Release|Any CPU
		{9683DA51-21F2-4B55-8C99-153140ECD7C4}.Release|Any CPU.Build.0 = Release|Any CPU
		{97074533-E3A5-4539-8BD3-94692E3A040A}.Debug|Any CPU.ActiveCfg = Debug|Any CPU
		{97074533-E3A5-4539-8BD3-94692E3A040A}.Debug|Any CPU.Build.0 = Debug|Any CPU
		{97074533-E3A5-4539-8BD3-94692E3A040A}.Release|Any CPU.ActiveCfg = Release|Any CPU
		{97074533-E3A5-4539-8BD3-94692E3A040A}.Release|Any CPU.Build.0 = Release|Any CPU
		{B036717B-C903-4078-912C-91AF80052EDB}.Debug|Any CPU.ActiveCfg = Debug|Any CPU
		{B036717B-C903-4078-912C-91AF80052EDB}.Debug|Any CPU.Build.0 = Debug|Any CPU
		{B036717B-C903-4078-912C-91AF80052EDB}.Release|Any CPU.ActiveCfg = Release|Any CPU
		{B036717B-C903-4078-912C-91AF80052EDB}.Release|Any CPU.Build.0 = Release|Any CPU
		{58AE9A45-0E06-45ED-B5B2-4252E80E003C}.Debug|Any CPU.ActiveCfg = Debug|Any CPU
		{58AE9A45-0E06-45ED-B5B2-4252E80E003C}.Debug|Any CPU.Build.0 = Debug|Any CPU
		{58AE9A45-0E06-45ED-B5B2-4252E80E003C}.Release|Any CPU.ActiveCfg = Release|Any CPU
		{58AE9A45-0E06-45ED-B5B2-4252E80E003C}.Release|Any CPU.Build.0 = Release|Any CPU
	EndGlobalSection
	GlobalSection(SolutionProperties) = preSolution
		HideSolutionNode = FALSE
	EndGlobalSection
	GlobalSection(ExtensibilityGlobals) = postSolution
		SolutionGuid = {CE01CDD1-26CF-4D9B-87F0-466563F51506}
	EndGlobalSection
EndGlobal
